
Microsoft Visual Studio Solution File, Format Version 12.00
# Visual Studio Version 17
VisualStudioVersion = 17.0.31903.59
MinimumVisualStudioVersion = 10.0.40219.1
Project("{9A19103F-16F7-4668-BE54-9A1E7A4F7556}") = "ShisokuEnzan", "ShisokuEnzan\ShisokuEnzan.csproj", "{BC2E705C-A54E-49AE-97CB-F11C6B614E39}"
EndProject
Project("{9A19103F-16F7-4668-BE54-9A1E7A4F7556}") = "Test", "Test\Test.csproj", "{D4119B6E-688C-46FD-BF3C-391A1843A911}"
EndProject
Global
	GlobalSection(SolutionConfigurationPlatforms) = preSolution
		Debug|Any CPU = Debug|Any CPU
		Release|Any CPU = Release|Any CPU
	EndGlobalSection
	GlobalSection(ProjectConfigurationPlatforms) = postSolution
		{BC2E705C-A54E-49AE-97CB-F11C6B614E39}.Debug|Any CPU.ActiveCfg = Debug|Any CPU
		{BC2E705C-A54E-49AE-97CB-F11C6B614E39}.Debug|Any CPU.Build.0 = Debug|Any CPU
		{BC2E705C-A54E-49AE-97CB-F11C6B614E39}.Release|Any CPU.ActiveCfg = Release|Any CPU
		{BC2E705C-A54E-49AE-97CB-F11C6B614E39}.Release|Any CPU.Build.0 = Release|Any CPU
		{D4119B6E-688C-46FD-BF3C-391A1843A911}.Debug|Any CPU.ActiveCfg = Debug|Any CPU
		{D4119B6E-688C-46FD-BF3C-391A1843A911}.Debug|Any CPU.Build.0 = Debug|Any CPU
		{D4119B6E-688C-46FD-BF3C-391A1843A911}.Release|Any CPU.ActiveCfg = Release|Any CPU
		{D4119B6E-688C-46FD-BF3C-391A1843A911}.Release|Any CPU.Build.0 = Release|Any CPU
	EndGlobalSection
	GlobalSection(SolutionProperties) = preSolution
		HideSolutionNode = FALSE
	EndGlobalSection
	GlobalSection(ExtensibilityGlobals) = postSolution
		SolutionGuid = {5CD34187-B765-4ED0-9EC3-787EB90400F2}
	EndGlobalSection
EndGlobal
